
Microsoft Visual Studio Solution File, Format Version 12.00
# Visual Studio Version 17
VisualStudioVersion = 17.13.36105.23
MinimumVisualStudioVersion = 10.0.40219.1
Project("{FAE04EC0-301F-11D3-BF4B-00C04F79EFBC}") = "MCPServer", "MCPServer\MCPServer.csproj", "{78A1E434-8FA8-4EA1-A585-AEA01E80B912}"
EndProject
Global
	GlobalSection(SolutionConfigurationPlatforms) = preSolution
		Debug|Any CPU = Debug|Any CPU
		Release|Any CPU = Release|Any CPU
	EndGlobalSection
	GlobalSection(ProjectConfigurationPlatforms) = postSolution
		{78A1E434-8FA8-4EA1-A585-AEA01E80B912}.Debug|Any CPU.ActiveCfg = Debug|Any CPU
		{78A1E434-8FA8-4EA1-A585-AEA01E80B912}.Debug|Any CPU.Build.0 = Debug|Any CPU
		{78A1E434-8FA8-4EA1-A585-AEA01E80B912}.Release|Any CPU.ActiveCfg = Release|Any CPU
		{78A1E434-8FA8-4EA1-A585-AEA01E80B912}.Release|Any CPU.Build.0 = Release|Any CPU
	EndGlobalSection
	GlobalSection(SolutionProperties) = preSolution
		HideSolutionNode = FALSE
	EndGlobalSection
	GlobalSection(ExtensibilityGlobals) = postSolution
		SolutionGuid = {FF92B81E-D8B9-47A7-8C3B-A4899C1EB9E9}
	EndGlobalSection
EndGlobal
